// !$*UTF8*$!
{
	archiveVersion = 1;
	classes = {
	};
	objectVersion = 50;
	objects = {

/* Begin PBXBuildFile section */
		FE31CDBC2771B4D100653D45 /* 上左.png in Resources */ = {isa = PBXBuildFile; fileRef = FE31CDBB2771B4D100653D45 /* 上左.png */; };
		FEF239F127571BF6009065B0 /* AppDelegate.m in Sources */ = {isa = PBXBuildFile; fileRef = FEF239F027571BF6009065B0 /* AppDelegate.m */; };
		FEF239F727571BF6009065B0 /* ViewController.m in Sources */ = {isa = PBXBuildFile; fileRef = FEF239F627571BF6009065B0 /* ViewController.m */; };
		FEF239FA27571BF6009065B0 /* Main.storyboard in Resources */ = {isa = PBXBuildFile; fileRef = FEF239F827571BF6009065B0 /* Main.storyboard */; };
		FEF239FC27571BF9009065B0 /* Assets.xcassets in Resources */ = {isa = PBXBuildFile; fileRef = FEF239FB27571BF9009065B0 /* Assets.xcassets */; };
		FEF239FF27571BF9009065B0 /* LaunchScreen.storyboard in Resources */ = {isa = PBXBuildFile; fileRef = FEF239FD27571BF9009065B0 /* LaunchScreen.storyboard */; };
		FEF23A0227571BF9009065B0 /* main.m in Sources */ = {isa = PBXBuildFile; fileRef = FEF23A0127571BF9009065B0 /* main.m */; };
		FEF23A0C27572565009065B0 /* AnViewController.m in Sources */ = {isa = PBXBuildFile; fileRef = FEF23A0B27572565009065B0 /* AnViewController.m */; };
		FEF23A0F2757258A009065B0 /* BaseStyleController.m in Sources */ = {isa = PBXBuildFile; fileRef = FEF23A0E2757258A009065B0 /* BaseStyleController.m */; };
		FEFC041B2762ED4600C41963 /* FTFMenus.m in Sources */ = {isa = PBXBuildFile; fileRef = FEFC041A2762ED4600C41963 /* FTFMenus.m */; };
/* End PBXBuildFile section */

/* Begin PBXFileReference section */
		FE31CDBB2771B4D100653D45 /* 上左.png */ = {isa = PBXFileReference; lastKnownFileType = image.png; path = "上左.png"; sourceTree = "<group>"; };
		FEF239EC27571BF6009065B0 /* FTFMenu.app */ = {isa = PBXFileReference; explicitFileType = wrapper.application; includeInIndex = 0; path = FTFMenu.app; sourceTree = BUILT_PRODUCTS_DIR; };
		FEF239EF27571BF6009065B0 /* AppDelegate.h */ = {isa = PBXFileReference; lastKnownFileType = sourcecode.c.h; path = AppDelegate.h; sourceTree = "<group>"; };
		FEF239F027571BF6009065B0 /* AppDelegate.m */ = {isa = PBXFileReference; lastKnownFileType = sourcecode.c.objc; path = AppDelegate.m; sourceTree = "<group>"; };
		FEF239F527571BF6009065B0 /* ViewController.h */ = {isa = PBXFileReference; lastKnownFileType = sourcecode.c.h; path = ViewController.h; sourceTree = "<group>"; };
		FEF239F627571BF6009065B0 /* ViewController.m */ = {isa = PBXFileReference; lastKnownFileType = sourcecode.c.objc; path = ViewController.m; sourceTree = "<group>"; };
		FEF239F927571BF6009065B0 /* Base */ = {isa = PBXFileReference; lastKnownFileType = file.storyboard; name = Base; path = Base.lproj/Main.storyboard; sourceTree = "<group>"; };
		FEF239FB27571BF9009065B0 /* Assets.xcassets */ = {isa = PBXFileReference; lastKnownFileType = folder.assetcatalog; path = Assets.xcassets; sourceTree = "<group>"; };
		FEF239FE27571BF9009065B0 /* Base */ = {isa = PBXFileReference; lastKnownFileType = file.storyboard; name = Base; path = Base.lproj/LaunchScreen.storyboard; sourceTree = "<group>"; };
		FEF23A0027571BF9009065B0 /* Info.plist */ = {isa = PBXFileReference; lastKnownFileType = text.plist.xml; path = Info.plist; sourceTree = "<group>"; };
		FEF23A0127571BF9009065B0 /* main.m */ = {isa = PBXFileReference; lastKnownFileType = sourcecode.c.objc; path = main.m; sourceTree = "<group>"; };
		FEF23A0A27572565009065B0 /* AnViewController.h */ = {isa = PBXFileReference; lastKnownFileType = sourcecode.c.h; path = AnViewController.h; sourceTree = "<group>"; };
		FEF23A0B27572565009065B0 /* AnViewController.m */ = {isa = PBXFileReference; lastKnownFileType = sourcecode.c.objc; path = AnViewController.m; sourceTree = "<group>"; };
		FEF23A0D2757258A009065B0 /* BaseStyleController.h */ = {isa = PBXFileReference; lastKnownFileType = sourcecode.c.h; path = BaseStyleController.h; sourceTree = "<group>"; };
		FEF23A0E2757258A009065B0 /* BaseStyleController.m */ = {isa = PBXFileReference; lastKnownFileType = sourcecode.c.objc; path = BaseStyleController.m; sourceTree = "<group>"; };
		FEFC04192762ED4600C41963 /* FTFMenus.h */ = {isa = PBXFileReference; lastKnownFileType = sourcecode.c.h; path = FTFMenus.h; sourceTree = "<group>"; };
		FEFC041A2762ED4600C41963 /* FTFMenus.m */ = {isa = PBXFileReference; lastKnownFileType = sourcecode.c.objc; path = FTFMenus.m; sourceTree = "<group>"; };
/* End PBXFileReference section */

/* Begin PBXFrameworksBuildPhase section */
		FEF239E927571BF6009065B0 /* Frameworks */ = {
			isa = PBXFrameworksBuildPhase;
			buildActionMask = 2147483647;
			files = (
			);
			runOnlyForDeploymentPostprocessing = 0;
		};
/* End PBXFrameworksBuildPhase section */

/* Begin PBXGroup section */
		FE31CDBA2771B4D100653D45 /* FFImages */ = {
			isa = PBXGroup;
			children = (
				FE31CDBB2771B4D100653D45 /* 上左.png */,
			);
			path = FFImages;
			sourceTree = "<group>";
		};
		FEF239E327571BF6009065B0 = {
			isa = PBXGroup;
			children = (
				FEF239EE27571BF6009065B0 /* FTFMenu */,
				FEF239ED27571BF6009065B0 /* Products */,
			);
			sourceTree = "<group>";
		};
		FEF239ED27571BF6009065B0 /* Products */ = {
			isa = PBXGroup;
			children = (
				FEF239EC27571BF6009065B0 /* FTFMenu.app */,
			);
			name = Products;
			sourceTree = "<group>";
		};
		FEF239EE27571BF6009065B0 /* FTFMenu */ = {
			isa = PBXGroup;
			children = (
				FE31CDBA2771B4D100653D45 /* FFImages */,
				FEF23A0927572436009065B0 /* Views */,
				FEF23A0827572410009065B0 /* Controllers */,
				FEF239EF27571BF6009065B0 /* AppDelegate.h */,
				FEF239F027571BF6009065B0 /* AppDelegate.m */,
				FEF239F527571BF6009065B0 /* ViewController.h */,
				FEF239F627571BF6009065B0 /* ViewController.m */,
				FEF23A0127571BF9009065B0 /* main.m */,
				FEF23A0027571BF9009065B0 /* Info.plist */,
				FEF239FB27571BF9009065B0 /* Assets.xcassets */,
				FEF239FD27571BF9009065B0 /* LaunchScreen.storyboard */,
				FEF239F827571BF6009065B0 /* Main.storyboard */,
			);
			path = FTFMenu;
			sourceTree = "<group>";
		};
		FEF23A0827572410009065B0 /* Controllers */ = {
			isa = PBXGroup;
			children = (
				FEF23A0D2757258A009065B0 /* BaseStyleController.h */,
				FEF23A0E2757258A009065B0 /* BaseStyleController.m */,
				FEF23A0A27572565009065B0 /* AnViewController.h */,
				FEF23A0B27572565009065B0 /* AnViewController.m */,
			);
			path = Controllers;
			sourceTree = "<group>";
		};
		FEF23A0927572436009065B0 /* Views */ = {
			isa = PBXGroup;
			children = (
				FEFC04192762ED4600C41963 /* FTFMenus.h */,
				FEFC041A2762ED4600C41963 /* FTFMenus.m */,
			);
			path = Views;
			sourceTree = "<group>";
		};
/* End PBXGroup section */

/* Begin PBXNativeTarget section */
		FEF239EB27571BF6009065B0 /* FTFMenu */ = {
			isa = PBXNativeTarget;
			buildConfigurationList = FEF23A0527571BF9009065B0 /* Build configuration list for PBXNativeTarget "FTFMenu" */;
			buildPhases = (
				FEF239E827571BF6009065B0 /* Sources */,
				FEF239E927571BF6009065B0 /* Frameworks */,
				FEF239EA27571BF6009065B0 /* Resources */,
			);
			buildRules = (
			);
			dependencies = (
			);
			name = FTFMenu;
			productName = FTFMenu;
			productReference = FEF239EC27571BF6009065B0 /* FTFMenu.app */;
			productType = "com.apple.product-type.application";
		};
/* End PBXNativeTarget section */

/* Begin PBXProject section */
		FEF239E427571BF6009065B0 /* Project object */ = {
			isa = PBXProject;
			attributes = {
				LastUpgradeCheck = 1320;
				TargetAttributes = {
					FEF239EB27571BF6009065B0 = {
						CreatedOnToolsVersion = 12.5;
					};
				};
			};
			buildConfigurationList = FEF239E727571BF6009065B0 /* Build configuration list for PBXProject "FTFMenu" */;
			compatibilityVersion = "Xcode 9.3";
			developmentRegion = en;
			hasScannedForEncodings = 0;
			knownRegions = (
				en,
				Base,
			);
			mainGroup = FEF239E327571BF6009065B0;
			productRefGroup = FEF239ED27571BF6009065B0 /* Products */;
			projectDirPath = "";
			projectRoot = "";
			targets = (
				FEF239EB27571BF6009065B0 /* FTFMenu */,
			);
		};
/* End PBXProject section */

/* Begin PBXResourcesBuildPhase section */
		FEF239EA27571BF6009065B0 /* Resources */ = {
			isa = PBXResourcesBuildPhase;
			buildActionMask = 2147483647;
			files = (
				FEF239FF27571BF9009065B0 /* LaunchScreen.storyboard in Resources */,
				FE31CDBC2771B4D100653D45 /* 上左.png in Resources */,
				FEF239FC27571BF9009065B0 /* Assets.xcassets in Resources */,
				FEF239FA27571BF6009065B0 /* Main.storyboard in Resources */,
			);
			runOnlyForDeploymentPostprocessing = 0;
		};
/* End PBXResourcesBuildPhase section */

/* Begin PBXSourcesBuildPhase section */
		FEF239E827571BF6009065B0 /* Sources */ = {
			isa = PBXSourcesBuildPhase;
			buildActionMask = 2147483647;
			files = (
				FEF23A0F2757258A009065B0 /* BaseStyleController.m in Sources */,
				FEFC041B2762ED4600C41963 /* FTFMenus.m in Sources */,
				FEF239F727571BF6009065B0 /* ViewController.m in Sources */,
				FEF239F127571BF6009065B0 /* AppDelegate.m in Sources */,
				FEF23A0227571BF9009065B0 /* main.m in Sources */,
				FEF23A0C27572565009065B0 /* AnViewController.m in Sources */,
			);
			runOnlyForDeploymentPostprocessing = 0;
		};
/* End PBXSourcesBuildPhase section */

/* Begin PBXVariantGroup section */
		FEF239F827571BF6009065B0 /* Main.storyboard */ = {
			isa = PBXVariantGroup;
			children = (
				FEF239F927571BF6009065B0 /* Base */,
			);
			name = Main.storyboard;
			sourceTree = "<group>";
		};
		FEF239FD27571BF9009065B0 /* LaunchScreen.storyboard */ = {
			isa = PBXVariantGroup;
			children = (
				FEF239FE27571BF9009065B0 /* Base */,
			);
			name = LaunchScreen.storyboard;
			sourceTree = "<group>";
		};
/* End PBXVariantGroup section */

/* Begin XCBuildConfiguration section */
		FEF23A0327571BF9009065B0 /* Debug */ = {
			isa = XCBuildConfiguration;
			buildSettings = {
				ALWAYS_SEARCH_USER_PATHS = NO;
				CLANG_ANALYZER_NONNULL = YES;
				CLANG_ANALYZER_NUMBER_OBJECT_CONVERSION = YES_AGGRESSIVE;
				CLANG_CXX_LANGUAGE_STANDARD = "gnu++14";
				CLANG_CXX_LIBRARY = "libc++";
				CLANG_ENABLE_MODULES = YES;
				CLANG_ENABLE_OBJC_ARC = YES;
				CLANG_ENABLE_OBJC_WEAK = YES;
				CLANG_WARN_BLOCK_CAPTURE_AUTORELEASING = YES;
				CLANG_WARN_BOOL_CONVERSION = YES;
				CLANG_WARN_COMMA = YES;
				CLANG_WARN_CONSTANT_CONVERSION = YES;
				CLANG_WARN_DEPRECATED_OBJC_IMPLEMENTATIONS = YES;
				CLANG_WARN_DIRECT_OBJC_ISA_USAGE = YES_ERROR;
				CLANG_WARN_DOCUMENTATION_COMMENTS = YES;
				CLANG_WARN_EMPTY_BODY = YES;
				CLANG_WARN_ENUM_CONVERSION = YES;
				CLANG_WARN_INFINITE_RECURSION = YES;
				CLANG_WARN_INT_CONVERSION = YES;
				CLANG_WARN_NON_LITERAL_NULL_CONVERSION = YES;
				CLANG_WARN_OBJC_IMPLICIT_RETAIN_SELF = YES;
				CLANG_WARN_OBJC_LITERAL_CONVERSION = YES;
				CLANG_WARN_OBJC_ROOT_CLASS = YES_ERROR;
				CLANG_WARN_QUOTED_INCLUDE_IN_FRAMEWORK_HEADER = YES;
				CLANG_WARN_RANGE_LOOP_ANALYSIS = YES;
				CLANG_WARN_STRICT_PROTOTYPES = YES;
				CLANG_WARN_SUSPICIOUS_MOVE = YES;
				CLANG_WARN_UNGUARDED_AVAILABILITY = YES_AGGRESSIVE;
				CLANG_WARN_UNREACHABLE_CODE = YES;
				CLANG_WARN__DUPLICATE_METHOD_MATCH = YES;
				COPY_PHASE_STRIP = NO;
				DEBUG_INFORMATION_FORMAT = dwarf;
				ENABLE_STRICT_OBJC_MSGSEND = YES;
				ENABLE_TESTABILITY = YES;
				GCC_C_LANGUAGE_STANDARD = gnu11;
				GCC_DYNAMIC_NO_PIC = NO;
				GCC_NO_COMMON_BLOCKS = YES;
				GCC_OPTIMIZATION_LEVEL = 0;
				GCC_PREPROCESSOR_DEFINITIONS = (
					"DEBUG=1",
					"$(inherited)",
				);
				GCC_WARN_64_TO_32_BIT_CONVERSION = YES;
				GCC_WARN_ABOUT_RETURN_TYPE = YES_ERROR;
				GCC_WARN_UNDECLARED_SELECTOR = YES;
				GCC_WARN_UNINITIALIZED_AUTOS = YES_AGGRESSIVE;
				GCC_WARN_UNUSED_FUNCTION = YES;
				GCC_WARN_UNUSED_VARIABLE = YES;
				IPHONEOS_DEPLOYMENT_TARGET = 14.5;
				MTL_ENABLE_DEBUG_INFO = INCLUDE_SOURCE;
				MTL_FAST_MATH = YES;
				ONLY_ACTIVE_ARCH = YES;
				SDKROOT = iphoneos;
			};
			name = Debug;
		};
		FEF23A0427571BF9009065B0 /* Release */ = {
			isa = XCBuildConfiguration;
			buildSettings = {
				ALWAYS_SEARCH_USER_PATHS = NO;
				CLANG_ANALYZER_NONNULL = YES;
				CLANG_ANALYZER_NUMBER_OBJECT_CONVERSION = YES_AGGRESSIVE;
				CLANG_CXX_LANGUAGE_STANDARD = "gnu++14";
				CLANG_CXX_LIBRARY = "libc++";
				CLANG_ENABLE_MODULES = YES;
				CLANG_ENABLE_OBJC_ARC = YES;
				CLANG_ENABLE_OBJC_WEAK = YES;
				CLANG_WARN_BLOCK_CAPTURE_AUTORELEASING = YES;
				CLANG_WARN_BOOL_CONVERSION = YES;
				CLANG_WARN_COMMA = YES;
				CLANG_WARN_CONSTANT_CONVERSION = YES;
				CLANG_WARN_DEPRECATED_OBJC_IMPLEMENTATIONS = YES;
				CLANG_WARN_DIRECT_OBJC_ISA_USAGE = YES_ERROR;
				CLANG_WARN_DOCUMENTATION_COMMENTS = YES;
				CLANG_WARN_EMPTY_BODY = YES;
				CLANG_WARN_ENUM_CONVERSION = YES;
				CLANG_WARN_INFINITE_RECURSION = YES;
				CLANG_WARN_INT_CONVERSION = YES;
				CLANG_WARN_NON_LITERAL_NULL_CONVERSION = YES;
				CLANG_WARN_OBJC_IMPLICIT_RETAIN_SELF = YES;
				CLANG_WARN_OBJC_LITERAL_CONVERSION = YES;
				CLANG_WARN_OBJC_ROOT_CLASS = YES_ERROR;
				CLANG_WARN_QUOTED_INCLUDE_IN_FRAMEWORK_HEADER = YES;
				CLANG_WARN_RANGE_LOOP_ANALYSIS = YES;
				CLANG_WARN_STRICT_PROTOTYPES = YES;
				CLANG_WARN_SUSPICIOUS_MOVE = YES;
				CLANG_WARN_UNGUARDED_AVAILABILITY = YES_AGGRESSIVE;
				CLANG_WARN_UNREACHABLE_CODE = YES;
				CLANG_WARN__DUPLICATE_METHOD_MATCH = YES;
				COPY_PHASE_STRIP = NO;
				DEBUG_INFORMATION_FORMAT = "dwarf-with-dsym";
				ENABLE_NS_ASSERTIONS = NO;
				ENABLE_STRICT_OBJC_MSGSEND = YES;
				GCC_C_LANGUAGE_STANDARD = gnu11;
				GCC_NO_COMMON_BLOCKS = YES;
				GCC_WARN_64_TO_32_BIT_CONVERSION = YES;
				GCC_WARN_ABOUT_RETURN_TYPE = YES_ERROR;
				GCC_WARN_UNDECLARED_SELECTOR = YES;
				GCC_WARN_UNINITIALIZED_AUTOS = YES_AGGRESSIVE;
				GCC_WARN_UNUSED_FUNCTION = YES;
				GCC_WARN_UNUSED_VARIABLE = YES;
				IPHONEOS_DEPLOYMENT_TARGET = 14.5;
				MTL_ENABLE_DEBUG_INFO = NO;
				MTL_FAST_MATH = YES;
				SDKROOT = iphoneos;
				VALIDATE_PRODUCT = YES;
			};
			name = Release;
		};
		FEF23A0627571BF9009065B0 /* Debug */ = {
			isa = XCBuildConfiguration;
			buildSettings = {
				ASSETCATALOG_COMPILER_APPICON_NAME = AppIcon;
				ASSETCATALOG_COMPILER_GLOBAL_ACCENT_COLOR_NAME = AccentColor;
				CLANG_WARN_OBJC_IMPLICIT_RETAIN_SELF = NO;
				CODE_SIGN_STYLE = Automatic;
				DEVELOPMENT_TEAM = G6WJ4DK4A4;
				INFOPLIST_FILE = FTFMenu/Info.plist;
				IPHONEOS_DEPLOYMENT_TARGET = 12.0;
				LD_RUNPATH_SEARCH_PATHS = (
					"$(inherited)",
					"@executable_path/Frameworks",
				);
				PRODUCT_BUNDLE_IDENTIFIER = com.yunzhu.FTFMenu;
				PRODUCT_NAME = "$(TARGET_NAME)";
				TARGETED_DEVICE_FAMILY = "1,2";
			};
			name = Debug;
		};
		FEF23A0727571BF9009065B0 /* Release */ = {
			isa = XCBuildConfiguration;
			buildSettings = {
				ASSETCATALOG_COMPILER_APPICON_NAME = AppIcon;
				ASSETCATALOG_COMPILER_GLOBAL_ACCENT_COLOR_NAME = AccentColor;
				CLANG_WARN_OBJC_IMPLICIT_RETAIN_SELF = NO;
				CODE_SIGN_STYLE = Automatic;
				DEVELOPMENT_TEAM = G6WJ4DK4A4;
				INFOPLIST_FILE = FTFMenu/Info.plist;
				IPHONEOS_DEPLOYMENT_TARGET = 12.0;
				LD_RUNPATH_SEARCH_PATHS = (
					"$(inherited)",
					"@executable_path/Frameworks",
				);
				PRODUCT_BUNDLE_IDENTIFIER = com.yunzhu.FTFMenu;
				PRODUCT_NAME = "$(TARGET_NAME)";
				TARGETED_DEVICE_FAMILY = "1,2";
			};
			name = Release;
		};
/* End XCBuildConfiguration section */

/* Begin XCConfigurationList section */
		FEF239E727571BF6009065B0 /* Build configuration list for PBXProject "FTFMenu" */ = {
			isa = XCConfigurationList;
			buildConfigurations = (
				FEF23A0327571BF9009065B0 /* Debug */,
				FEF23A0427571BF9009065B0 /* Release */,
			);
			defaultConfigurationIsVisible = 0;
			defaultConfigurationName = Release;
		};
		FEF23A0527571BF9009065B0 /* Build configuration list for PBXNativeTarget "FTFMenu" */ = {
			isa = XCConfigurationList;
			buildConfigurations = (
				FEF23A0627571BF9009065B0 /* Debug */,
				FEF23A0727571BF9009065B0 /* Release */,
			);
			defaultConfigurationIsVisible = 0;
			defaultConfigurationName = Release;
		};
/* End XCConfigurationList section */
	};
	rootObject = FEF239E427571BF6009065B0 /* Project object */;
}
